Microsoft Visual Studio Solution File, Format Version 12.00
# Visual Studio 15
VisualStudioVersion = 15.0.26430.14
MinimumVisualStudioVersion = 10.0.40219.1
Project("{FAE04EC0-301F-11D3-BF4B-00C04F79EFBC}") = "Aviationstack.Standard", "Aviationstack.Standard/Aviationstack.Standard.csproj", "{d97d260e-8a0b-4908-b5c7-3d45ecb3bfb0}"
EndProject
Project("{FAE04EC0-301F-11D3-BF4B-00C04F79EFBC}") = "Aviationstack.Tests", "Aviationstack.Tests/Aviationstack.Tests.csproj", "{b3809ee0-81e6-4e49-aa3d-f82ceddd70cb}"
EndProject
Global
    GlobalSection(SolutionConfigurationPlatforms) = preSolution
        Debug|Any CPU = Debug|Any CPU
        Release|Any CPU = Release|Any CPU
    EndGlobalSection
    GlobalSection(ProjectConfigurationPlatforms) = postSolution
        {d97d260e-8a0b-4908-b5c7-3d45ecb3bfb0}.Debug|Any CPU.ActiveCfg = Debug|Any CPU
        {d97d260e-8a0b-4908-b5c7-3d45ecb3bfb0}.Debug|Any CPU.Build.0 = Debug|Any CPU
        {d97d260e-8a0b-4908-b5c7-3d45ecb3bfb0}.Release|Any CPU.ActiveCfg = Release|Any CPU
        {d97d260e-8a0b-4908-b5c7-3d45ecb3bfb0}.Release|Any CPU.Build.0 = Release|Any CPU
        {b3809ee0-81e6-4e49-aa3d-f82ceddd70cb}.Debug|Any CPU.ActiveCfg = Debug|Any CPU
        {b3809ee0-81e6-4e49-aa3d-f82ceddd70cb}.Debug|Any CPU.Build.0 = Debug|Any CPU
        {b3809ee0-81e6-4e49-aa3d-f82ceddd70cb}.Release|Any CPU.ActiveCfg = Release|Any CPU
        {b3809ee0-81e6-4e49-aa3d-f82ceddd70cb}.Release|Any CPU.Build.0 = Release|Any CPU
    EndGlobalSection
    GlobalSection(SolutionProperties) = preSolution
        HideSolutionNode = FALSE
    EndGlobalSection
EndGlobal
