Microsoft Visual Studio Solution File, Format Version 12.00
# Visual Studio 15
VisualStudioVersion = 15.0.26430.14
MinimumVisualStudioVersion = 10.0.40219.1
Project("{FAE04EC0-301F-11D3-BF4B-00C04F79EFBC}") = "Aviationstack.Standard", "Aviationstack.Standard/Aviationstack.Standard.csproj", "{58b0882a-cab2-47c5-8407-69a427aecdda}"
EndProject
Global
    GlobalSection(SolutionConfigurationPlatforms) = preSolution
        Debug|Any CPU = Debug|Any CPU
        Release|Any CPU = Release|Any CPU
    EndGlobalSection
    GlobalSection(ProjectConfigurationPlatforms) = postSolution
        {58b0882a-cab2-47c5-8407-69a427aecdda}.Debug|Any CPU.ActiveCfg = Debug|Any CPU
        {58b0882a-cab2-47c5-8407-69a427aecdda}.Debug|Any CPU.Build.0 = Debug|Any CPU
        {58b0882a-cab2-47c5-8407-69a427aecdda}.Release|Any CPU.ActiveCfg = Release|Any CPU
        {58b0882a-cab2-47c5-8407-69a427aecdda}.Release|Any CPU.Build.0 = Release|Any CPU
    EndGlobalSection
    GlobalSection(SolutionProperties) = preSolution
        HideSolutionNode = FALSE
    EndGlobalSection
EndGlobal
